// !$*UTF8*$!
{
	archiveVersion = 1;
	classes = {
	};
	objectVersion = 46;
	objects = {

/* Begin PBXBuildFile section */
		2229ECB31F5FF3F00099E98D /* Vector3D.swift in Sources */ = {isa = PBXBuildFile; fileRef = 2229ECB21F5FF3F00099E98D /* Vector3D.swift */; };
		22EA87541F5D7FE1006CF591 /* AppDelegate.swift in Sources */ = {isa = PBXBuildFile; fileRef = 22EA87531F5D7FE1006CF591 /* AppDelegate.swift */; };
		22EA87561F5D7FE1006CF591 /* ViewController.swift in Sources */ = {isa = PBXBuildFile; fileRef = 22EA87551F5D7FE1006CF591 /* ViewController.swift */; };
		22EA87591F5D7FE1006CF591 /* Main.storyboard in Resources */ = {isa = PBXBuildFile; fileRef = 22EA87571F5D7FE1006CF591 /* Main.storyboard */; };
		22EA875B1F5D7FE1006CF591 /* Assets.xcassets in Resources */ = {isa = PBXBuildFile; fileRef = 22EA875A1F5D7FE1006CF591 /* Assets.xcassets */; };
		22EA875E1F5D7FE1006CF591 /* LaunchScreen.storyboard in Resources */ = {isa = PBXBuildFile; fileRef = 22EA875C1F5D7FE1006CF591 /* LaunchScreen.storyboard */; };
/* End PBXBuildFile section */

/* Begin PBXFileReference section */
		2229ECB21F5FF3F00099E98D /* Vector3D.swift */ = {isa = PBXFileReference; fileEncoding = 4; lastKnownFileType = sourcecode.swift; path = Vector3D.swift; sourceTree = "<group>"; };
		22EA87501F5D7FE1006CF591 /* CoreMotionDemo.app */ = {isa = PBXFileReference; explicitFileType = wrapper.application; includeInIndex = 0; path = CoreMotionDemo.app; sourceTree = BUILT_PRODUCTS_DIR; };
		22EA87531F5D7FE1006CF591 /* AppDelegate.swift */ = {isa = PBXFileReference; lastKnownFileType = sourcecode.swift; path = AppDelegate.swift; sourceTree = "<group>"; };
		22EA87551F5D7FE1006CF591 /* ViewController.swift */ = {isa = PBXFileReference; lastKnownFileType = sourcecode.swift; path = ViewController.swift; sourceTree = "<group>"; };
		22EA87581F5D7FE1006CF591 /* Base */ = {isa = PBXFileReference; lastKnownFileType = file.storyboard; name = Base; path = Base.lproj/Main.storyboard; sourceTree = "<group>"; };
		22EA875A1F5D7FE1006CF591 /* Assets.xcassets */ = {isa = PBXFileReference; lastKnownFileType = folder.assetcatalog; path = Assets.xcassets; sourceTree = "<group>"; };
		22EA875D1F5D7FE1006CF591 /* Base */ = {isa = PBXFileReference; lastKnownFileType = file.storyboard; name = Base; path = Base.lproj/LaunchScreen.storyboard; sourceTree = "<group>"; };
		22EA875F1F5D7FE1006CF591 /* Info.plist */ = {isa = PBXFileReference; lastKnownFileType = text.plist.xml; path = Info.plist; sourceTree = "<group>"; };
/* End PBXFileReference section */

/* Begin PBXFrameworksBuildPhase section */
		22EA874D1F5D7FE1006CF591 /* Frameworks */ = {
			isa = PBXFrameworksBuildPhase;
			buildActionMask = 2147483647;
			files = (
			);
			runOnlyForDeploymentPostprocessing = 0;
		};
/* End PBXFrameworksBuildPhase section */

/* Begin PBXGroup section */
		2229EC371F5EAEED0099E98D /* Supporting Files */ = {
			isa = PBXGroup;
			children = (
				2229ECB21F5FF3F00099E98D /* Vector3D.swift */,
				22EA87531F5D7FE1006CF591 /* AppDelegate.swift */,
				22EA875C1F5D7FE1006CF591 /* LaunchScreen.storyboard */,
				22EA875F1F5D7FE1006CF591 /* Info.plist */,
			);
			name = "Supporting Files";
			sourceTree = "<group>";
		};
		22EA87471F5D7FE1006CF591 = {
			isa = PBXGroup;
			children = (
				22EA87521F5D7FE1006CF591 /* CoreMotionDemo */,
				22EA87511F5D7FE1006CF591 /* Products */,
			);
			sourceTree = "<group>";
		};
		22EA87511F5D7FE1006CF591 /* Products */ = {
			isa = PBXGroup;
			children = (
				22EA87501F5D7FE1006CF591 /* CoreMotionDemo.app */,
			);
			name = Products;
			sourceTree = "<group>";
		};
		22EA87521F5D7FE1006CF591 /* CoreMotionDemo */ = {
			isa = PBXGroup;
			children = (
				2229EC371F5EAEED0099E98D /* Supporting Files */,
				22EA87551F5D7FE1006CF591 /* ViewController.swift */,
				22EA87571F5D7FE1006CF591 /* Main.storyboard */,
				22EA875A1F5D7FE1006CF591 /* Assets.xcassets */,
			);
			path = CoreMotionDemo;
			sourceTree = "<group>";
		};
/* End PBXGroup section */

/* Begin PBXNativeTarget section */
		22EA874F1F5D7FE1006CF591 /* CoreMotionDemo */ = {
			isa = PBXNativeTarget;
			buildConfigurationList = 22EA87621F5D7FE1006CF591 /* Build configuration list for PBXNativeTarget "CoreMotionDemo" */;
			buildPhases = (
				22EA874C1F5D7FE1006CF591 /* Sources */,
				22EA874D1F5D7FE1006CF591 /* Frameworks */,
				22EA874E1F5D7FE1006CF591 /* Resources */,
			);
			buildRules = (
			);
			dependencies = (
			);
			name = CoreMotionDemo;
			productName = CoreMotionDemo;
			productReference = 22EA87501F5D7FE1006CF591 /* CoreMotionDemo.app */;
			productType = "com.apple.product-type.application";
		};
/* End PBXNativeTarget section */

/* Begin PBXProject section */
		22EA87481F5D7FE1006CF591 /* Project object */ = {
			isa = PBXProject;
			attributes = {
				LastSwiftUpdateCheck = 0830;
				LastUpgradeCheck = 0830;
				ORGANIZATIONNAME = "Luo, Yuyang";
				TargetAttributes = {
					22EA874F1F5D7FE1006CF591 = {
						CreatedOnToolsVersion = 8.3.3;
						DevelopmentTeam = Y8UK968H5B;
						ProvisioningStyle = Automatic;
					};
				};
			};
			buildConfigurationList = 22EA874B1F5D7FE1006CF591 /* Build configuration list for PBXProject "CoreMotionDemo" */;
			compatibilityVersion = "Xcode 3.2";
			developmentRegion = English;
			hasScannedForEncodings = 0;
			knownRegions = (
				en,
				Base,
			);
			mainGroup = 22EA87471F5D7FE1006CF591;
			productRefGroup = 22EA87511F5D7FE1006CF591 /* Products */;
			projectDirPath = "";
			projectRoot = "";
			targets = (
				22EA874F1F5D7FE1006CF591 /* CoreMotionDemo */,
			);
		};
/* End PBXProject section */

/* Begin PBXResourcesBuildPhase section */
		22EA874E1F5D7FE1006CF591 /* Resources */ = {
			isa = PBXResourcesBuildPhase;
			buildActionMask = 2147483647;
			files = (
				22EA875E1F5D7FE1006CF591 /* LaunchScreen.storyboard in Resources */,
				22EA875B1F5D7FE1006CF591 /* Assets.xcassets in Resources */,
				22EA87591F5D7FE1006CF591 /* Main.storyboard in Resources */,
			);
			runOnlyForDeploymentPostprocessing = 0;
		};
/* End PBXResourcesBuildPhase section */

/* Begin PBXSourcesBuildPhase section */
		22EA874C1F5D7FE1006CF591 /* Sources */ = {
			isa = PBXSourcesBuildPhase;
			buildActionMask = 2147483647;
			files = (
				2229ECB31F5FF3F00099E98D /* Vector3D.swift in Sources */,
				22EA87561F5D7FE1006CF591 /* ViewController.swift in Sources */,
				22EA87541F5D7FE1006CF591 /* AppDelegate.swift in Sources */,
			);
			runOnlyForDeploymentPostprocessing = 0;
		};
/* End PBXSourcesBuildPhase section */

/* Begin PBXVariantGroup section */
		22EA87571F5D7FE1006CF591 /* Main.storyboard */ = {
			isa = PBXVariantGroup;
			children = (
				22EA87581F5D7FE1006CF591 /* Base */,
			);
			name = Main.storyboard;
			sourceTree = "<group>";
		};
		22EA875C1F5D7FE1006CF591 /* LaunchScreen.storyboard */ = {
			isa = PBXVariantGroup;
			children = (
				22EA875D1F5D7FE1006CF591 /* Base */,
			);
			name = LaunchScreen.storyboard;
			sourceTree = "<group>";
		};
/* End PBXVariantGroup section */

/* Begin XCBuildConfiguration section */
		22EA87601F5D7FE1006CF591 /* Debug */ = {
			isa = XCBuildConfiguration;
			buildSettings = {
				ALWAYS_SEARCH_USER_PATHS = NO;
				CLANG_ANALYZER_NONNULL = YES;
				CLANG_ANALYZER_NUMBER_OBJECT_CONVERSION = YES_AGGRESSIVE;
				CLANG_CXX_LANGUAGE_STANDARD = "gnu++0x";
				CLANG_CXX_LIBRARY = "libc++";
				CLANG_ENABLE_MODULES = YES;
				CLANG_ENABLE_OBJC_ARC = YES;
				CLANG_WARN_BOOL_CONVERSION = YES;
				CLANG_WARN_CONSTANT_CONVERSION = YES;
				CLANG_WARN_DIRECT_OBJC_ISA_USAGE = YES_ERROR;
				CLANG_WARN_DOCUMENTATION_COMMENTS = YES;
				CLANG_WARN_EMPTY_BODY = YES;
				CLANG_WARN_ENUM_CONVERSION = YES;
				CLANG_WARN_INFINITE_RECURSION = YES;
				CLANG_WARN_INT_CONVERSION = YES;
				CLANG_WARN_OBJC_ROOT_CLASS = YES_ERROR;
				CLANG_WARN_SUSPICIOUS_MOVE = YES;
				CLANG_WARN_UNREACHABLE_CODE = YES;
				CLANG_WARN__DUPLICATE_METHOD_MATCH = YES;
				"CODE_SIGN_IDENTITY[sdk=iphoneos*]" = "iPhone Developer";
				COPY_PHASE_STRIP = NO;
				DEBUG_INFORMATION_FORMAT = dwarf;
				ENABLE_STRICT_OBJC_MSGSEND = YES;
				ENABLE_TESTABILITY = YES;
				GCC_C_LANGUAGE_STANDARD = gnu99;
				GCC_DYNAMIC_NO_PIC = NO;
				GCC_NO_COMMON_BLOCKS = YES;
				GCC_OPTIMIZATION_LEVEL = 0;
				GCC_PREPROCESSOR_DEFINITIONS = (
					"DEBUG=1",
					"$(inherited)",
				);
				GCC_WARN_64_TO_32_BIT_CONVERSION = YES;
				GCC_WARN_ABOUT_RETURN_TYPE = YES_ERROR;
				GCC_WARN_UNDECLARED_SELECTOR = YES;
				GCC_WARN_UNINITIALIZED_AUTOS = YES_AGGRESSIVE;
				GCC_WARN_UNUSED_FUNCTION = YES;
				GCC_WARN_UNUSED_VARIABLE = YES;
				IPHONEOS_DEPLOYMENT_TARGET = 10.3;
				MTL_ENABLE_DEBUG_INFO = YES;
				ONLY_ACTIVE_ARCH = YES;
				SDKROOT = iphoneos;
				SWIFT_ACTIVE_COMPILATION_CONDITIONS = DEBUG;
				SWIFT_OPTIMIZATION_LEVEL = "-Onone";
				TARGETED_DEVICE_FAMILY = "1,2";
			};
			name = Debug;
		};
		22EA87611F5D7FE1006CF591 /* Release */ = {
			isa = XCBuildConfiguration;
			buildSettings = {
				ALWAYS_SEARCH_USER_PATHS = NO;
				CLANG_ANALYZER_NONNULL = YES;
				CLANG_ANALYZER_NUMBER_OBJECT_CONVERSION = YES_AGGRESSIVE;
				CLANG_CXX_LANGUAGE_STANDARD = "gnu++0x";
				CLANG_CXX_LIBRARY = "libc++";
				CLANG_ENABLE_MODULES = YES;
				CLANG_ENABLE_OBJC_ARC = YES;
				CLANG_WARN_BOOL_CONVERSION = YES;
				CLANG_WARN_CONSTANT_CONVERSION = YES;
				CLANG_WARN_DIRECT_OBJC_ISA_USAGE = YES_ERROR;
				CLANG_WARN_DOCUMENTATION_COMMENTS = YES;
				CLANG_WARN_EMPTY_BODY = YES;
				CLANG_WARN_ENUM_CONVERSION = YES;
				CLANG_WARN_INFINITE_RECURSION = YES;
				CLANG_WARN_INT_CONVERSION = YES;
				CLANG_WARN_OBJC_ROOT_CLASS = YES_ERROR;
				CLANG_WARN_SUSPICIOUS_MOVE = YES;
				CLANG_WARN_UNREACHABLE_CODE = YES;
				CLANG_WARN__DUPLICATE_METHOD_MATCH = YES;
				"CODE_SIGN_IDENTITY[sdk=iphoneos*]" = "iPhone Developer";
				COPY_PHASE_STRIP = NO;
				DEBUG_INFORMATION_FORMAT = "dwarf-with-dsym";
				ENABLE_NS_ASSERTIONS = NO;
				ENABLE_STRICT_OBJC_MSGSEND = YES;
				GCC_C_LANGUAGE_STANDARD = gnu99;
				GCC_NO_COMMON_BLOCKS = YES;
				GCC_WARN_64_TO_32_BIT_CONVERSION = YES;
				GCC_WARN_ABOUT_RETURN_TYPE = YES_ERROR;
				GCC_WARN_UNDECLARED_SELECTOR = YES;
				GCC_WARN_UNINITIALIZED_AUTOS = YES_AGGRESSIVE;
				GCC_WARN_UNUSED_FUNCTION = YES;
				GCC_WARN_UNUSED_VARIABLE = YES;
				IPHONEOS_DEPLOYMENT_TARGET = 10.3;
				MTL_ENABLE_DEBUG_INFO = NO;
				SDKROOT = iphoneos;
				SWIFT_OPTIMIZATION_LEVEL = "-Owholemodule";
				TARGETED_DEVICE_FAMILY = "1,2";
				VALIDATE_PRODUCT = YES;
			};
			name = Release;
		};
		22EA87631F5D7FE1006CF591 /* Debug */ = {
			isa = XCBuildConfiguration;
			buildSettings = {
				ASSETCATALOG_COMPILER_APPICON_NAME = AppIcon;
				DEVELOPMENT_TEAM = Y8UK968H5B;
				INFOPLIST_FILE = CoreMotionDemo/Info.plist;
				LD_RUNPATH_SEARCH_PATHS = "$(inherited) @executable_path/Frameworks";
				PRODUCT_BUNDLE_IDENTIFIER = com.luo.yuyang.CoreMotionDemo;
				PRODUCT_NAME = "$(TARGET_NAME)";
				SWIFT_VERSION = 3.0;
			};
			name = Debug;
		};
		22EA87641F5D7FE1006CF591 /* Release */ = {
			isa = XCBuildConfiguration;
			buildSettings = {
				ASSETCATALOG_COMPILER_APPICON_NAME = AppIcon;
				DEVELOPMENT_TEAM = Y8UK968H5B;
				INFOPLIST_FILE = CoreMotionDemo/Info.plist;
				LD_RUNPATH_SEARCH_PATHS = "$(inherited) @executable_path/Frameworks";
				PRODUCT_BUNDLE_IDENTIFIER = com.luo.yuyang.CoreMotionDemo;
				PRODUCT_NAME = "$(TARGET_NAME)";
				SWIFT_VERSION = 3.0;
			};
			name = Release;
		};
/* End XCBuildConfiguration section */

/* Begin XCConfigurationList section */
		22EA874B1F5D7FE1006CF591 /* Build configuration list for PBXProject "CoreMotionDemo" */ = {
			isa = XCConfigurationList;
			buildConfigurations = (
				22EA87601F5D7FE1006CF591 /* Debug */,
				22EA87611F5D7FE1006CF591 /* Release */,
			);
			defaultConfigurationIsVisible = 0;
			defaultConfigurationName = Release;
		};
		22EA87621F5D7FE1006CF591 /* Build configuration list for PBXNativeTarget "CoreMotionDemo" */ = {
			isa = XCConfigurationList;
			buildConfigurations = (
				22EA87631F5D7FE1006CF591 /* Debug */,
				22EA87641F5D7FE1006CF591 /* Release */,
			);
			defaultConfigurationIsVisible = 0;
			defaultConfigurationName = Release;
		};
/* End XCConfigurationList section */
	};
	rootObject = 22EA87481F5D7FE1006CF591 /* Project object */;
}
